
Microsoft Visual Studio Solution File, Format Version 12.00
# Visual Studio 14
VisualStudioVersion = 14.0.25123.0
MinimumVisualStudioVersion = 10.0.40219.1
Project("{FAE04EC0-301F-11D3-BF4B-00C04F79EFBC}") = "MarsRover", "MarsRover\MarsRover.csproj", "{AAFBB431-E75D-4ACA-9499-3B9072F13110}"
EndProject
Project("{FAE04EC0-301F-11D3-BF4B-00C04F79EFBC}") = "MarsRover.Tests", "MarsRover.Tests\MarsRover.Tests.csproj", "{778A595E-19EF-45D3-9EBC-B85C9189DB45}"
EndProject
Global
	GlobalSection(SolutionConfigurationPlatforms) = preSolution
		Debug|Any CPU = Debug|Any CPU
		Release|Any CPU = Release|Any CPU
	EndGlobalSection
	GlobalSection(ProjectConfigurationPlatforms) = postSolution
		{AAFBB431-E75D-4ACA-9499-3B9072F13110}.Debug|Any CPU.ActiveCfg = Debug|Any CPU
		{AAFBB431-E75D-4ACA-9499-3B9072F13110}.Debug|Any CPU.Build.0 = Debug|Any CPU
		{AAFBB431-E75D-4ACA-9499-3B9072F13110}.Release|Any CPU.ActiveCfg = Release|Any CPU
		{AAFBB431-E75D-4ACA-9499-3B9072F13110}.Release|Any CPU.Build.0 = Release|Any CPU
		{778A595E-19EF-45D3-9EBC-B85C9189DB45}.Debug|Any CPU.ActiveCfg = Debug|Any CPU
		{778A595E-19EF-45D3-9EBC-B85C9189DB45}.Debug|Any CPU.Build.0 = Debug|Any CPU
		{778A595E-19EF-45D3-9EBC-B85C9189DB45}.Release|Any CPU.ActiveCfg = Release|Any CPU
		{778A595E-19EF-45D3-9EBC-B85C9189DB45}.Release|Any CPU.Build.0 = Release|Any CPU
	EndGlobalSection
	GlobalSection(SolutionProperties) = preSolution
		HideSolutionNode = FALSE
	EndGlobalSection
EndGlobal
